
Microsoft Visual Studio Solution File, Format Version 12.00
# Visual Studio Version 16
VisualStudioVersion = 16.0.31005.135
MinimumVisualStudioVersion = 10.0.40219.1
Project("{FAE04EC0-301F-11D3-BF4B-00C04F79EFBC}") = "MagicAssistant", "MagicAssistant\MagicAssistant.csproj", "{CC7F83B0-1BF9-4EA0-A66B-DCDE2981768E}"
EndProject
Global
	GlobalSection(SolutionConfigurationPlatforms) = preSolution
		Debug|Any CPU = Debug|Any CPU
		Release|Any CPU = Release|Any CPU
	EndGlobalSection
	GlobalSection(ProjectConfigurationPlatforms) = postSolution
		{CC7F83B0-1BF9-4EA0-A66B-DCDE2981768E}.Debug|Any CPU.ActiveCfg = Debug|Any CPU
		{CC7F83B0-1BF9-4EA0-A66B-DCDE2981768E}.Debug|Any CPU.Build.0 = Debug|Any CPU
		{CC7F83B0-1BF9-4EA0-A66B-DCDE2981768E}.Release|Any CPU.ActiveCfg = Release|Any CPU
		{CC7F83B0-1BF9-4EA0-A66B-DCDE2981768E}.Release|Any CPU.Build.0 = Release|Any CPU
	EndGlobalSection
	GlobalSection(SolutionProperties) = preSolution
		HideSolutionNode = FALSE
	EndGlobalSection
	GlobalSection(ExtensibilityGlobals) = postSolution
		SolutionGuid = {91F66A76-A32C-445B-8338-9C92CC570AAD}
	EndGlobalSection
EndGlobal
